
Microsoft Visual Studio Solution File, Format Version 12.00
# Visual Studio Version 17
VisualStudioVersion = 17.13.35931.197 d17.13
MinimumVisualStudioVersion = 10.0.40219.1
Project("{FAE04EC0-301F-11D3-BF4B-00C04F79EFBC}") = "DisarmNukesMission", "DisarmNukesMission.csproj", "{0B131EA3-5556-4B59-959B-442BD4A9081E}"
EndProject
Global
	GlobalSection(SolutionConfigurationPlatforms) = preSolution
		Debug|Any CPU = Debug|Any CPU
		Release|Any CPU = Release|Any CPU
	EndGlobalSection
	GlobalSection(ProjectConfigurationPlatforms) = postSolution
		{0B131EA3-5556-4B59-959B-442BD4A9081E}.Debug|Any CPU.ActiveCfg = Debug|Any CPU
		{0B131EA3-5556-4B59-959B-442BD4A9081E}.Debug|Any CPU.Build.0 = Debug|Any CPU
		{0B131EA3-5556-4B59-959B-442BD4A9081E}.Release|Any CPU.ActiveCfg = Release|Any CPU
		{0B131EA3-5556-4B59-959B-442BD4A9081E}.Release|Any CPU.Build.0 = Release|Any CPU
	EndGlobalSection
	GlobalSection(SolutionProperties) = preSolution
		HideSolutionNode = FALSE
	EndGlobalSection
	GlobalSection(ExtensibilityGlobals) = postSolution
		SolutionGuid = {0D3B59E7-7648-4EA1-9DE3-162B4D22AEFC}
	EndGlobalSection
EndGlobal
